// !$*UTF8*$!
{
	archiveVersion = 1;
	classes = {
	};
	objectVersion = 46;
	objects = {

/* Begin PBXBuildFile section */
		27EAFC031DBB4410007E8773 /* AppDelegate.swift in Sources */ = {isa = PBXBuildFile; fileRef = 27EAFC021DBB4410007E8773 /* AppDelegate.swift */; };
		27EAFC051DBB4410007E8773 /* ViewController.swift in Sources */ = {isa = PBXBuildFile; fileRef = 27EAFC041DBB4410007E8773 /* ViewController.swift */; };
		27EAFC081DBB4410007E8773 /* Main.storyboard in Resources */ = {isa = PBXBuildFile; fileRef = 27EAFC061DBB4410007E8773 /* Main.storyboard */; };
		27EAFC0A1DBB4410007E8773 /* Assets.xcassets in Resources */ = {isa = PBXBuildFile; fileRef = 27EAFC091DBB4410007E8773 /* Assets.xcassets */; };
		27EAFC0D1DBB4410007E8773 /* LaunchScreen.storyboard in Resources */ = {isa = PBXBuildFile; fileRef = 27EAFC0B1DBB4410007E8773 /* LaunchScreen.storyboard */; };
		27EAFC181DBB4410007E8773 /* MemeMe1_0Tests.swift in Sources */ = {isa = PBXBuildFile; fileRef = 27EAFC171DBB4410007E8773 /* MemeMe1_0Tests.swift */; };
		27EAFC231DBB4410007E8773 /* MemeMe1_0UITests.swift in Sources */ = {isa = PBXBuildFile; fileRef = 27EAFC221DBB4410007E8773 /* MemeMe1_0UITests.swift */; };
/* End PBXBuildFile section */

/* Begin PBXContainerItemProxy section */
		27EAFC141DBB4410007E8773 /* PBXContainerItemProxy */ = {
			isa = PBXContainerItemProxy;
			containerPortal = 27EAFBF71DBB4410007E8773 /* Project object */;
			proxyType = 1;
			remoteGlobalIDString = 27EAFBFE1DBB4410007E8773;
			remoteInfo = MemeMe1.0;
		};
		27EAFC1F1DBB4410007E8773 /* PBXContainerItemProxy */ = {
			isa = PBXContainerItemProxy;
			containerPortal = 27EAFBF71DBB4410007E8773 /* Project object */;
			proxyType = 1;
			remoteGlobalIDString = 27EAFBFE1DBB4410007E8773;
			remoteInfo = MemeMe1.0;
		};
/* End PBXContainerItemProxy section */

/* Begin PBXFileReference section */
		27EAFBFF1DBB4410007E8773 /* MemeMe1.0.app */ = {isa = PBXFileReference; explicitFileType = wrapper.application; includeInIndex = 0; path = MemeMe1.0.app; sourceTree = BUILT_PRODUCTS_DIR; };
		27EAFC021DBB4410007E8773 /* AppDelegate.swift */ = {isa = PBXFileReference; lastKnownFileType = sourcecode.swift; path = AppDelegate.swift; sourceTree = "<group>"; };
		27EAFC041DBB4410007E8773 /* ViewController.swift */ = {isa = PBXFileReference; lastKnownFileType = sourcecode.swift; path = ViewController.swift; sourceTree = "<group>"; };
		27EAFC071DBB4410007E8773 /* Base */ = {isa = PBXFileReference; lastKnownFileType = file.storyboard; name = Base; path = Base.lproj/Main.storyboard; sourceTree = "<group>"; };
		27EAFC091DBB4410007E8773 /* Assets.xcassets */ = {isa = PBXFileReference; lastKnownFileType = folder.assetcatalog; path = Assets.xcassets; sourceTree = "<group>"; };
		27EAFC0C1DBB4410007E8773 /* Base */ = {isa = PBXFileReference; lastKnownFileType = file.storyboard; name = Base; path = Base.lproj/LaunchScreen.storyboard; sourceTree = "<group>"; };
		27EAFC0E1DBB4410007E8773 /* Info.plist */ = {isa = PBXFileReference; lastKnownFileType = text.plist.xml; path = Info.plist; sourceTree = "<group>"; };
		27EAFC131DBB4410007E8773 /* MemeMe1.0Tests.xctest */ = {isa = PBXFileReference; explicitFileType = wrapper.cfbundle; includeInIndex = 0; path = MemeMe1.0Tests.xctest; sourceTree = BUILT_PRODUCTS_DIR; };
		27EAFC171DBB4410007E8773 /* MemeMe1_0Tests.swift */ = {isa = PBXFileReference; lastKnownFileType = sourcecode.swift; path = MemeMe1_0Tests.swift; sourceTree = "<group>"; };
		27EAFC191DBB4410007E8773 /* Info.plist */ = {isa = PBXFileReference; lastKnownFileType = text.plist.xml; path = Info.plist; sourceTree = "<group>"; };
		27EAFC1E1DBB4410007E8773 /* MemeMe1.0UITests.xctest */ = {isa = PBXFileReference; explicitFileType = wrapper.cfbundle; includeInIndex = 0; path = MemeMe1.0UITests.xctest; sourceTree = BUILT_PRODUCTS_DIR; };
		27EAFC221DBB4410007E8773 /* MemeMe1_0UITests.swift */ = {isa = PBXFileReference; lastKnownFileType = sourcecode.swift; path = MemeMe1_0UITests.swift; sourceTree = "<group>"; };
		27EAFC241DBB4410007E8773 /* Info.plist */ = {isa = PBXFileReference; lastKnownFileType = text.plist.xml; path = Info.plist; sourceTree = "<group>"; };
/* End PBXFileReference section */

/* Begin PBXFrameworksBuildPhase section */
		27EAFBFC1DBB4410007E8773 /* Frameworks */ = {
			isa = PBXFrameworksBuildPhase;
			buildActionMask = 2147483647;
			files = (
			);
			runOnlyForDeploymentPostprocessing = 0;
		};
		27EAFC101DBB4410007E8773 /* Frameworks */ = {
			isa = PBXFrameworksBuildPhase;
			buildActionMask = 2147483647;
			files = (
			);
			runOnlyForDeploymentPostprocessing = 0;
		};
		27EAFC1B1DBB4410007E8773 /* Frameworks */ = {
			isa = PBXFrameworksBuildPhase;
			buildActionMask = 2147483647;
			files = (
			);
			runOnlyForDeploymentPostprocessing = 0;
		};
/* End PBXFrameworksBuildPhase section */

/* Begin PBXGroup section */
		27EAFBF61DBB4410007E8773 = {
			isa = PBXGroup;
			children = (
				27EAFC011DBB4410007E8773 /* MemeMe1.0 */,
				27EAFC161DBB4410007E8773 /* MemeMe1.0Tests */,
				27EAFC211DBB4410007E8773 /* MemeMe1.0UITests */,
				27EAFC001DBB4410007E8773 /* Products */,
			);
			sourceTree = "<group>";
		};
		27EAFC001DBB4410007E8773 /* Products */ = {
			isa = PBXGroup;
			children = (
				27EAFBFF1DBB4410007E8773 /* MemeMe1.0.app */,
				27EAFC131DBB4410007E8773 /* MemeMe1.0Tests.xctest */,
				27EAFC1E1DBB4410007E8773 /* MemeMe1.0UITests.xctest */,
			);
			name = Products;
			sourceTree = "<group>";
		};
		27EAFC011DBB4410007E8773 /* MemeMe1.0 */ = {
			isa = PBXGroup;
			children = (
				27EAFC021DBB4410007E8773 /* AppDelegate.swift */,
				27EAFC041DBB4410007E8773 /* ViewController.swift */,
				27EAFC061DBB4410007E8773 /* Main.storyboard */,
				27EAFC091DBB4410007E8773 /* Assets.xcassets */,
				27EAFC0B1DBB4410007E8773 /* LaunchScreen.storyboard */,
				27EAFC0E1DBB4410007E8773 /* Info.plist */,
			);
			path = MemeMe1.0;
			sourceTree = "<group>";
		};
		27EAFC161DBB4410007E8773 /* MemeMe1.0Tests */ = {
			isa = PBXGroup;
			children = (
				27EAFC171DBB4410007E8773 /* MemeMe1_0Tests.swift */,
				27EAFC191DBB4410007E8773 /* Info.plist */,
			);
			path = MemeMe1.0Tests;
			sourceTree = "<group>";
		};
		27EAFC211DBB4410007E8773 /* MemeMe1.0UITests */ = {
			isa = PBXGroup;
			children = (
				27EAFC221DBB4410007E8773 /* MemeMe1_0UITests.swift */,
				27EAFC241DBB4410007E8773 /* Info.plist */,
			);
			path = MemeMe1.0UITests;
			sourceTree = "<group>";
		};
/* End PBXGroup section */

/* Begin PBXNativeTarget section */
		27EAFBFE1DBB4410007E8773 /* MemeMe1.0 */ = {
			isa = PBXNativeTarget;
			buildConfigurationList = 27EAFC271DBB4410007E8773 /* Build configuration list for PBXNativeTarget "MemeMe1.0" */;
			buildPhases = (
				27EAFBFB1DBB4410007E8773 /* Sources */,
				27EAFBFC1DBB4410007E8773 /* Frameworks */,
				27EAFBFD1DBB4410007E8773 /* Resources */,
			);
			buildRules = (
			);
			dependencies = (
			);
			name = MemeMe1.0;
			productName = MemeMe1.0;
			productReference = 27EAFBFF1DBB4410007E8773 /* MemeMe1.0.app */;
			productType = "com.apple.product-type.application";
		};
		27EAFC121DBB4410007E8773 /* MemeMe1.0Tests */ = {
			isa = PBXNativeTarget;
			buildConfigurationList = 27EAFC2A1DBB4410007E8773 /* Build configuration list for PBXNativeTarget "MemeMe1.0Tests" */;
			buildPhases = (
				27EAFC0F1DBB4410007E8773 /* Sources */,
				27EAFC101DBB4410007E8773 /* Frameworks */,
				27EAFC111DBB4410007E8773 /* Resources */,
			);
			buildRules = (
			);
			dependencies = (
				27EAFC151DBB4410007E8773 /* PBXTargetDependency */,
			);
			name = MemeMe1.0Tests;
			productName = MemeMe1.0Tests;
			productReference = 27EAFC131DBB4410007E8773 /* MemeMe1.0Tests.xctest */;
			productType = "com.apple.product-type.bundle.unit-test";
		};
		27EAFC1D1DBB4410007E8773 /* MemeMe1.0UITests */ = {
			isa = PBXNativeTarget;
			buildConfigurationList = 27EAFC2D1DBB4410007E8773 /* Build configuration list for PBXNativeTarget "MemeMe1.0UITests" */;
			buildPhases = (
				27EAFC1A1DBB4410007E8773 /* Sources */,
				27EAFC1B1DBB4410007E8773 /* Frameworks */,
				27EAFC1C1DBB4410007E8773 /* Resources */,
			);
			buildRules = (
			);
			dependencies = (
				27EAFC201DBB4410007E8773 /* PBXTargetDependency */,
			);
			name = MemeMe1.0UITests;
			productName = MemeMe1.0UITests;
			productReference = 27EAFC1E1DBB4410007E8773 /* MemeMe1.0UITests.xctest */;
			productType = "com.apple.product-type.bundle.ui-testing";
		};
/* End PBXNativeTarget section */

/* Begin PBXProject section */
		27EAFBF71DBB4410007E8773 /* Project object */ = {
			isa = PBXProject;
			attributes = {
				LastSwiftUpdateCheck = 0800;
				LastUpgradeCheck = 0800;
				ORGANIZATIONNAME = "Sreelekshmi S";
				TargetAttributes = {
					27EAFBFE1DBB4410007E8773 = {
						CreatedOnToolsVersion = 8.0;
						ProvisioningStyle = Automatic;
					};
					27EAFC121DBB4410007E8773 = {
						CreatedOnToolsVersion = 8.0;
						ProvisioningStyle = Automatic;
						TestTargetID = 27EAFBFE1DBB4410007E8773;
					};
					27EAFC1D1DBB4410007E8773 = {
						CreatedOnToolsVersion = 8.0;
						ProvisioningStyle = Automatic;
						TestTargetID = 27EAFBFE1DBB4410007E8773;
					};
				};
			};
			buildConfigurationList = 27EAFBFA1DBB4410007E8773 /* Build configuration list for PBXProject "MemeMe1.0" */;
			compatibilityVersion = "Xcode 3.2";
			developmentRegion = English;
			hasScannedForEncodings = 0;
			knownRegions = (
				en,
				Base,
			);
			mainGroup = 27EAFBF61DBB4410007E8773;
			productRefGroup = 27EAFC001DBB4410007E8773 /* Products */;
			projectDirPath = "";
			projectRoot = "";
			targets = (
				27EAFBFE1DBB4410007E8773 /* MemeMe1.0 */,
				27EAFC121DBB4410007E8773 /* MemeMe1.0Tests */,
				27EAFC1D1DBB4410007E8773 /* MemeMe1.0UITests */,
			);
		};
/* End PBXProject section */

/* Begin PBXResourcesBuildPhase section */
		27EAFBFD1DBB4410007E8773 /* Resources */ = {
			isa = PBXResourcesBuildPhase;
			buildActionMask = 2147483647;
			files = (
				27EAFC0D1DBB4410007E8773 /* LaunchScreen.storyboard in Resources */,
				27EAFC0A1DBB4410007E8773 /* Assets.xcassets in Resources */,
				27EAFC081DBB4410007E8773 /* Main.storyboard in Resources */,
			);
			runOnlyForDeploymentPostprocessing = 0;
		};
		27EAFC111DBB4410007E8773 /* Resources */ = {
			isa = PBXResourcesBuildPhase;
			buildActionMask = 2147483647;
			files = (
			);
			runOnlyForDeploymentPostprocessing = 0;
		};
		27EAFC1C1DBB4410007E8773 /* Resources */ = {
			isa = PBXResourcesBuildPhase;
			buildActionMask = 2147483647;
			files = (
			);
			runOnlyForDeploymentPostprocessing = 0;
		};
/* End PBXResourcesBuildPhase section */

/* Begin PBXSourcesBuildPhase section */
		27EAFBFB1DBB4410007E8773 /* Sources */ = {
			isa = PBXSourcesBuildPhase;
			buildActionMask = 2147483647;
			files = (
				27EAFC051DBB4410007E8773 /* ViewController.swift in Sources */,
				27EAFC031DBB4410007E8773 /* AppDelegate.swift in Sources */,
			);
			runOnlyForDeploymentPostprocessing = 0;
		};
		27EAFC0F1DBB4410007E8773 /* Sources */ = {
			isa = PBXSourcesBuildPhase;
			buildActionMask = 2147483647;
			files = (
				27EAFC181DBB4410007E8773 /* MemeMe1_0Tests.swift in Sources */,
			);
			runOnlyForDeploymentPostprocessing = 0;
		};
		27EAFC1A1DBB4410007E8773 /* Sources */ = {
			isa = PBXSourcesBuildPhase;
			buildActionMask = 2147483647;
			files = (
				27EAFC231DBB4410007E8773 /* MemeMe1_0UITests.swift in Sources */,
			);
			runOnlyForDeploymentPostprocessing = 0;
		};
/* End PBXSourcesBuildPhase section */

/* Begin PBXTargetDependency section */
		27EAFC151DBB4410007E8773 /* PBXTargetDependency */ = {
			isa = PBXTargetDependency;
			target = 27EAFBFE1DBB4410007E8773 /* MemeMe1.0 */;
			targetProxy = 27EAFC141DBB4410007E8773 /* PBXContainerItemProxy */;
		};
		27EAFC201DBB4410007E8773 /* PBXTargetDependency */ = {
			isa = PBXTargetDependency;
			target = 27EAFBFE1DBB4410007E8773 /* MemeMe1.0 */;
			targetProxy = 27EAFC1F1DBB4410007E8773 /* PBXContainerItemProxy */;
		};
/* End PBXTargetDependency section */

/* Begin PBXVariantGroup section */
		27EAFC061DBB4410007E8773 /* Main.storyboard */ = {
			isa = PBXVariantGroup;
			children = (
				27EAFC071DBB4410007E8773 /* Base */,
			);
			name = Main.storyboard;
			sourceTree = "<group>";
		};
		27EAFC0B1DBB4410007E8773 /* LaunchScreen.storyboard */ = {
			isa = PBXVariantGroup;
			children = (
				27EAFC0C1DBB4410007E8773 /* Base */,
			);
			name = LaunchScreen.storyboard;
			sourceTree = "<group>";
		};
/* End PBXVariantGroup section */

/* Begin XCBuildConfiguration section */
		27EAFC251DBB4410007E8773 /* Debug */ = {
			isa = XCBuildConfiguration;
			buildSettings = {
				ALWAYS_SEARCH_USER_PATHS = NO;
				CLANG_ANALYZER_NONNULL = YES;
				CLANG_CXX_LANGUAGE_STANDARD = "gnu++0x";
				CLANG_CXX_LIBRARY = "libc++";
				CLANG_ENABLE_MODULES = YES;
				CLANG_ENABLE_OBJC_ARC = YES;
				CLANG_WARN_BOOL_CONVERSION = YES;
				CLANG_WARN_CONSTANT_CONVERSION = YES;
				CLANG_WARN_DIRECT_OBJC_ISA_USAGE = YES_ERROR;
				CLANG_WARN_DOCUMENTATION_COMMENTS = YES;
				CLANG_WARN_EMPTY_BODY = YES;
				CLANG_WARN_ENUM_CONVERSION = YES;
				CLANG_WARN_INFINITE_RECURSION = YES;
				CLANG_WARN_INT_CONVERSION = YES;
				CLANG_WARN_OBJC_ROOT_CLASS = YES_ERROR;
				CLANG_WARN_SUSPICIOUS_MOVES = YES;
				CLANG_WARN_UNREACHABLE_CODE = YES;
				CLANG_WARN__DUPLICATE_METHOD_MATCH = YES;
				"CODE_SIGN_IDENTITY[sdk=iphoneos*]" = "iPhone Developer";
				COPY_PHASE_STRIP = NO;
				DEBUG_INFORMATION_FORMAT = dwarf;
				ENABLE_STRICT_OBJC_MSGSEND = YES;
				ENABLE_TESTABILITY = YES;
				GCC_C_LANGUAGE_STANDARD = gnu99;
				GCC_DYNAMIC_NO_PIC = NO;
				GCC_NO_COMMON_BLOCKS = YES;
				GCC_OPTIMIZATION_LEVEL = 0;
				GCC_PREPROCESSOR_DEFINITIONS = (
					"DEBUG=1",
					"$(inherited)",
				);
				GCC_WARN_64_TO_32_BIT_CONVERSION = YES;
				GCC_WARN_ABOUT_RETURN_TYPE = YES_ERROR;
				GCC_WARN_UNDECLARED_SELECTOR = YES;
				GCC_WARN_UNINITIALIZED_AUTOS = YES_AGGRESSIVE;
				GCC_WARN_UNUSED_FUNCTION = YES;
				GCC_WARN_UNUSED_VARIABLE = YES;
				IPHONEOS_DEPLOYMENT_TARGET = 10.0;
				MTL_ENABLE_DEBUG_INFO = YES;
				ONLY_ACTIVE_ARCH = YES;
				SDKROOT = iphoneos;
				SWIFT_ACTIVE_COMPILATION_CONDITIONS = DEBUG;
				SWIFT_OPTIMIZATION_LEVEL = "-Onone";
				TARGETED_DEVICE_FAMILY = "1,2";
			};
			name = Debug;
		};
		27EAFC261DBB4410007E8773 /* Release */ = {
			isa = XCBuildConfiguration;
			buildSettings = {
				ALWAYS_SEARCH_USER_PATHS = NO;
				CLANG_ANALYZER_NONNULL = YES;
				CLANG_CXX_LANGUAGE_STANDARD = "gnu++0x";
				CLANG_CXX_LIBRARY = "libc++";
				CLANG_ENABLE_MODULES = YES;
				CLANG_ENABLE_OBJC_ARC = YES;
				CLANG_WARN_BOOL_CONVERSION = YES;
				CLANG_WARN_CONSTANT_CONVERSION = YES;
				CLANG_WARN_DIRECT_OBJC_ISA_USAGE = YES_ERROR;
				CLANG_WARN_DOCUMENTATION_COMMENTS = YES;
				CLANG_WARN_EMPTY_BODY = YES;
				CLANG_WARN_ENUM_CONVERSION = YES;
				CLANG_WARN_INFINITE_RECURSION = YES;
				CLANG_WARN_INT_CONVERSION = YES;
				CLANG_WARN_OBJC_ROOT_CLASS = YES_ERROR;
				CLANG_WARN_SUSPICIOUS_MOVES = YES;
				CLANG_WARN_UNREACHABLE_CODE = YES;
				CLANG_WARN__DUPLICATE_METHOD_MATCH = YES;
				"CODE_SIGN_IDENTITY[sdk=iphoneos*]" = "iPhone Developer";
				COPY_PHASE_STRIP = NO;
				DEBUG_INFORMATION_FORMAT = "dwarf-with-dsym";
				ENABLE_NS_ASSERTIONS = NO;
				ENABLE_STRICT_OBJC_MSGSEND = YES;
				GCC_C_LANGUAGE_STANDARD = gnu99;
				GCC_NO_COMMON_BLOCKS = YES;
				GCC_WARN_64_TO_32_BIT_CONVERSION = YES;
				GCC_WARN_ABOUT_RETURN_TYPE = YES_ERROR;
				GCC_WARN_UNDECLARED_SELECTOR = YES;
				GCC_WARN_UNINITIALIZED_AUTOS = YES_AGGRESSIVE;
				GCC_WARN_UNUSED_FUNCTION = YES;
				GCC_WARN_UNUSED_VARIABLE = YES;
				IPHONEOS_DEPLOYMENT_TARGET = 10.0;
				MTL_ENABLE_DEBUG_INFO = NO;
				SDKROOT = iphoneos;
				SWIFT_OPTIMIZATION_LEVEL = "-Owholemodule";
				TARGETED_DEVICE_FAMILY = "1,2";
				VALIDATE_PRODUCT = YES;
			};
			name = Release;
		};
		27EAFC281DBB4410007E8773 /* Debug */ = {
			isa = XCBuildConfiguration;
			buildSettings = {
				ASSETCATALOG_COMPILER_APPICON_NAME = AppIcon;
				INFOPLIST_FILE = MemeMe1.0/Info.plist;
				LD_RUNPATH_SEARCH_PATHS = "$(inherited) @executable_path/Frameworks";
				PRODUCT_BUNDLE_IDENTIFIER = "p.MemeMe1-0";
				PRODUCT_NAME = "$(TARGET_NAME)";
				SWIFT_VERSION = 3.0;
			};
			name = Debug;
		};
		27EAFC291DBB4410007E8773 /* Release */ = {
			isa = XCBuildConfiguration;
			buildSettings = {
				ASSETCATALOG_COMPILER_APPICON_NAME = AppIcon;
				INFOPLIST_FILE = MemeMe1.0/Info.plist;
				LD_RUNPATH_SEARCH_PATHS = "$(inherited) @executable_path/Frameworks";
				PRODUCT_BUNDLE_IDENTIFIER = "p.MemeMe1-0";
				PRODUCT_NAME = "$(TARGET_NAME)";
				SWIFT_VERSION = 3.0;
			};
			name = Release;
		};
		27EAFC2B1DBB4410007E8773 /* Debug */ = {
			isa = XCBuildConfiguration;
			buildSettings = {
				ALWAYS_EMBED_SWIFT_STANDARD_LIBRARIES = YES;
				BUNDLE_LOADER = "$(TEST_HOST)";
				INFOPLIST_FILE = MemeMe1.0Tests/Info.plist;
				LD_RUNPATH_SEARCH_PATHS = "$(inherited) @executable_path/Frameworks @loader_path/Frameworks";
				PRODUCT_BUNDLE_IDENTIFIER = "p.MemeMe1-0Tests";
				PRODUCT_NAME = "$(TARGET_NAME)";
				SWIFT_VERSION = 3.0;
				TEST_HOST = "$(BUILT_PRODUCTS_DIR)/MemeMe1.0.app/MemeMe1.0";
			};
			name = Debug;
		};
		27EAFC2C1DBB4410007E8773 /* Release */ = {
			isa = XCBuildConfiguration;
			buildSettings = {
				ALWAYS_EMBED_SWIFT_STANDARD_LIBRARIES = YES;
				BUNDLE_LOADER = "$(TEST_HOST)";
				INFOPLIST_FILE = MemeMe1.0Tests/Info.plist;
				LD_RUNPATH_SEARCH_PATHS = "$(inherited) @executable_path/Frameworks @loader_path/Frameworks";
				PRODUCT_BUNDLE_IDENTIFIER = "p.MemeMe1-0Tests";
				PRODUCT_NAME = "$(TARGET_NAME)";
				SWIFT_VERSION = 3.0;
				TEST_HOST = "$(BUILT_PRODUCTS_DIR)/MemeMe1.0.app/MemeMe1.0";
			};
			name = Release;
		};
		27EAFC2E1DBB4410007E8773 /* Debug */ = {
			isa = XCBuildConfiguration;
			buildSettings = {
				ALWAYS_EMBED_SWIFT_STANDARD_LIBRARIES = YES;
				INFOPLIST_FILE = MemeMe1.0UITests/Info.plist;
				LD_RUNPATH_SEARCH_PATHS = "$(inherited) @executable_path/Frameworks @loader_path/Frameworks";
				PRODUCT_BUNDLE_IDENTIFIER = "p.MemeMe1-0UITests";
				PRODUCT_NAME = "$(TARGET_NAME)";
				SWIFT_VERSION = 3.0;
				TEST_TARGET_NAME = MemeMe1.0;
			};
			name = Debug;
		};
		27EAFC2F1DBB4410007E8773 /* Release */ = {
			isa = XCBuildConfiguration;
			buildSettings = {
				ALWAYS_EMBED_SWIFT_STANDARD_LIBRARIES = YES;
				INFOPLIST_FILE = MemeMe1.0UITests/Info.plist;
				LD_RUNPATH_SEARCH_PATHS = "$(inherited) @executable_path/Frameworks @loader_path/Frameworks";
				PRODUCT_BUNDLE_IDENTIFIER = "p.MemeMe1-0UITests";
				PRODUCT_NAME = "$(TARGET_NAME)";
				SWIFT_VERSION = 3.0;
				TEST_TARGET_NAME = MemeMe1.0;
			};
			name = Release;
		};
/* End XCBuildConfiguration section */

/* Begin XCConfigurationList section */
		27EAFBFA1DBB4410007E8773 /* Build configuration list for PBXProject "MemeMe1.0" */ = {
			isa = XCConfigurationList;
			buildConfigurations = (
				27EAFC251DBB4410007E8773 /* Debug */,
				27EAFC261DBB4410007E8773 /* Release */,
			);
			defaultConfigurationIsVisible = 0;
			defaultConfigurationName = Release;
		};
		27EAFC271DBB4410007E8773 /* Build configuration list for PBXNativeTarget "MemeMe1.0" */ = {
			isa = XCConfigurationList;
			buildConfigurations = (
				27EAFC281DBB4410007E8773 /* Debug */,
				27EAFC291DBB4410007E8773 /* Release */,
			);
			defaultConfigurationIsVisible = 0;
		};
		27EAFC2A1DBB4410007E8773 /* Build configuration list for PBXNativeTarget "MemeMe1.0Tests" */ = {
			isa = XCConfigurationList;
			buildConfigurations = (
				27EAFC2B1DBB4410007E8773 /* Debug */,
				27EAFC2C1DBB4410007E8773 /* Release */,
			);
			defaultConfigurationIsVisible = 0;
		};
		27EAFC2D1DBB4410007E8773 /* Build configuration list for PBXNativeTarget "MemeMe1.0UITests" */ = {
			isa = XCConfigurationList;
			buildConfigurations = (
				27EAFC2E1DBB4410007E8773 /* Debug */,
				27EAFC2F1DBB4410007E8773 /* Release */,
			);
			defaultConfigurationIsVisible = 0;
		};
/* End XCConfigurationList section */
	};
	rootObject = 27EAFBF71DBB4410007E8773 /* Project object */;
}
